
Microsoft Visual Studio Solution File, Format Version 12.00
# Visual Studio Version 17
VisualStudioVersion = 17.4.33213.308
MinimumVisualStudioVersion = 10.0.40219.1
Project("{9092AA53-FB77-4645-B42D-1CCCA6BD08BD}") = "ExpressApp2", "ExpressApp2\ExpressApp2.njsproj", "{9978E005-3593-4491-B564-2585D258742B}"
EndProject
Global
	GlobalSection(SolutionConfigurationPlatforms) = preSolution
		Debug|Any CPU = Debug|Any CPU
		Release|Any CPU = Release|Any CPU
	EndGlobalSection
	GlobalSection(ProjectConfigurationPlatforms) = postSolution
		{9978E005-3593-4491-B564-2585D258742B}.Debug|Any CPU.ActiveCfg = Debug|Any CPU
		{9978E005-3593-4491-B564-2585D258742B}.Debug|Any CPU.Build.0 = Debug|Any CPU
		{9978E005-3593-4491-B564-2585D258742B}.Release|Any CPU.ActiveCfg = Release|Any CPU
		{9978E005-3593-4491-B564-2585D258742B}.Release|Any CPU.Build.0 = Release|Any CPU
	EndGlobalSection
	GlobalSection(SolutionProperties) = preSolution
		HideSolutionNode = FALSE
	EndGlobalSection
	GlobalSection(ExtensibilityGlobals) = postSolution
		SolutionGuid = {F6185A52-8751-453B-BA3B-D0ABEC09C359}
	EndGlobalSection
EndGlobal
